<Solution>
  <Folder Name="/src/">
    <Project Path="src/PostSharp.LicenseServer.Core/PostSharp.LicenseServer.Core.csproj" />
    <Project Path="src/PostSharp.LicenseServer.Web/PostSharp.LicenseServer.Web.csproj" />
  </Folder>
  <Folder Name="/tests/">
    <Project Path="tests/PostSharp.LicenseServer.Tests/PostSharp.LicenseServer.Tests.csproj" />
  </Folder>
</Solution>
