<Solution>
  <Folder Name="/src/">
    <Project Path="src/SharpCrafters.Backstage.LicenseServer.Core/SharpCrafters.Backstage.LicenseServer.Core.csproj" />
    <Project Path="src/SharpCrafters.Backstage.LicenseServer.Web/SharpCrafters.Backstage.LicenseServer.Web.csproj" />
  </Folder>
  <Folder Name="/tests/">
    <Project Path="tests/SharpCrafters.Backstage.LicenseServer.Tests/SharpCrafters.Backstage.LicenseServer.Tests.csproj" />
  </Folder>
</Solution>
